// !$*UTF8*$!
{
	archiveVersion = 1;
	classes = {
	};
	objectVersion = 46;
	objects = {

/* Begin PBXBuildFile section */
		5B79574D1A9A1436004014D5 /* AppDelegate.swift in Sources */ = {isa = PBXBuildFile; fileRef = 5B79574C1A9A1436004014D5 /* AppDelegate.swift */; };
		5B79574F1A9A1436004014D5 /* PsychologistViewController.swift in Sources */ = {isa = PBXBuildFile; fileRef = 5B79574E1A9A1436004014D5 /* PsychologistViewController.swift */; };
		5B7957521A9A1436004014D5 /* Main.storyboard in Resources */ = {isa = PBXBuildFile; fileRef = 5B7957501A9A1436004014D5 /* Main.storyboard */; };
		5B7957541A9A1436004014D5 /* Images.xcassets in Resources */ = {isa = PBXBuildFile; fileRef = 5B7957531A9A1436004014D5 /* Images.xcassets */; };
		5B7957571A9A1436004014D5 /* LaunchScreen.xib in Resources */ = {isa = PBXBuildFile; fileRef = 5B7957551A9A1436004014D5 /* LaunchScreen.xib */; };
		5B7957631A9A1436004014D5 /* PsychologistTests.swift in Sources */ = {isa = PBXBuildFile; fileRef = 5B7957621A9A1436004014D5 /* PsychologistTests.swift */; };
		5B79576F1A9A1809004014D5 /* HappinessViewController.swift in Sources */ = {isa = PBXBuildFile; fileRef = 5B79576D1A9A1809004014D5 /* HappinessViewController.swift */; };
		5B7957701A9A1809004014D5 /* FaceView.swift in Sources */ = {isa = PBXBuildFile; fileRef = 5B79576E1A9A1809004014D5 /* FaceView.swift */; };
		5B7D62881A9A2BEB0015DA6C /* TextViewController.swift in Sources */ = {isa = PBXBuildFile; fileRef = 5B7D62871A9A2BEB0015DA6C /* TextViewController.swift */; };
		5B7D628A1A9A2D450015DA6C /* DiagnosedHappinessViewController.swift in Sources */ = {isa = PBXBuildFile; fileRef = 5B7D62891A9A2D450015DA6C /* DiagnosedHappinessViewController.swift */; };
		5B7D628C1A9A519B0015DA6C /* UIViewController VCL.swift in Sources */ = {isa = PBXBuildFile; fileRef = 5B7D628B1A9A519B0015DA6C /* UIViewController VCL.swift */; };
/* End PBXBuildFile section */

/* Begin PBXContainerItemProxy section */
		5B79575D1A9A1436004014D5 /* PBXContainerItemProxy */ = {
			isa = PBXContainerItemProxy;
			containerPortal = 5B79573F1A9A1436004014D5 /* Project object */;
			proxyType = 1;
			remoteGlobalIDString = 5B7957461A9A1436004014D5;
			remoteInfo = Psychologist;
		};
/* End PBXContainerItemProxy section */

/* Begin PBXFileReference section */
		5B7957471A9A1436004014D5 /* Psychologist.app */ = {isa = PBXFileReference; explicitFileType = wrapper.application; includeInIndex = 0; path = Psychologist.app; sourceTree = BUILT_PRODUCTS_DIR; };
		5B79574B1A9A1436004014D5 /* Info.plist */ = {isa = PBXFileReference; lastKnownFileType = text.plist.xml; path = Info.plist; sourceTree = "<group>"; };
		5B79574C1A9A1436004014D5 /* AppDelegate.swift */ = {isa = PBXFileReference; lastKnownFileType = sourcecode.swift; path = AppDelegate.swift; sourceTree = "<group>"; };
		5B79574E1A9A1436004014D5 /* PsychologistViewController.swift */ = {isa = PBXFileReference; lastKnownFileType = sourcecode.swift; path = PsychologistViewController.swift; sourceTree = "<group>"; };
		5B7957511A9A1436004014D5 /* Base */ = {isa = PBXFileReference; lastKnownFileType = file.storyboard; name = Base; path = Base.lproj/Main.storyboard; sourceTree = "<group>"; };
		5B7957531A9A1436004014D5 /* Images.xcassets */ = {isa = PBXFileReference; lastKnownFileType = folder.assetcatalog; path = Images.xcassets; sourceTree = "<group>"; };
		5B7957561A9A1436004014D5 /* Base */ = {isa = PBXFileReference; lastKnownFileType = file.xib; name = Base; path = Base.lproj/LaunchScreen.xib; sourceTree = "<group>"; };
		5B79575C1A9A1436004014D5 /* PsychologistTests.xctest */ = {isa = PBXFileReference; explicitFileType = wrapper.cfbundle; includeInIndex = 0; path = PsychologistTests.xctest; sourceTree = BUILT_PRODUCTS_DIR; };
		5B7957611A9A1436004014D5 /* Info.plist */ = {isa = PBXFileReference; lastKnownFileType = text.plist.xml; path = Info.plist; sourceTree = "<group>"; };
		5B7957621A9A1436004014D5 /* PsychologistTests.swift */ = {isa = PBXFileReference; lastKnownFileType = sourcecode.swift; path = PsychologistTests.swift; sourceTree = "<group>"; };
		5B79576C1A9A1461004014D5 /* README.md */ = {isa = PBXFileReference; lastKnownFileType = net.daringfireball.markdown; path = README.md; sourceTree = "<group>"; };
		5B79576D1A9A1809004014D5 /* HappinessViewController.swift */ = {isa = PBXFileReference; fileEncoding = 4; lastKnownFileType = sourcecode.swift; path = HappinessViewController.swift; sourceTree = "<group>"; };
		5B79576E1A9A1809004014D5 /* FaceView.swift */ = {isa = PBXFileReference; fileEncoding = 4; lastKnownFileType = sourcecode.swift; path = FaceView.swift; sourceTree = "<group>"; };
		5B7D62871A9A2BEB0015DA6C /* TextViewController.swift */ = {isa = PBXFileReference; fileEncoding = 4; lastKnownFileType = sourcecode.swift; path = TextViewController.swift; sourceTree = "<group>"; };
		5B7D62891A9A2D450015DA6C /* DiagnosedHappinessViewController.swift */ = {isa = PBXFileReference; fileEncoding = 4; lastKnownFileType = sourcecode.swift; path = DiagnosedHappinessViewController.swift; sourceTree = "<group>"; };
		5B7D628B1A9A519B0015DA6C /* UIViewController VCL.swift */ = {isa = PBXFileReference; fileEncoding = 4; lastKnownFileType = sourcecode.swift; path = "UIViewController VCL.swift"; sourceTree = "<group>"; };
/* End PBXFileReference section */

/* Begin PBXFrameworksBuildPhase section */
		5B7957441A9A1436004014D5 /* Frameworks */ = {
			isa = PBXFrameworksBuildPhase;
			buildActionMask = 2147483647;
			files = (
			);
			runOnlyForDeploymentPostprocessing = 0;
		};
		5B7957591A9A1436004014D5 /* Frameworks */ = {
			isa = PBXFrameworksBuildPhase;
			buildActionMask = 2147483647;
			files = (
			);
			runOnlyForDeploymentPostprocessing = 0;
		};
/* End PBXFrameworksBuildPhase section */

/* Begin PBXGroup section */
		5B79573E1A9A1436004014D5 = {
			isa = PBXGroup;
			children = (
				5B79576C1A9A1461004014D5 /* README.md */,
				5B7957491A9A1436004014D5 /* Psychologist */,
				5B79575F1A9A1436004014D5 /* PsychologistTests */,
				5B7957481A9A1436004014D5 /* Products */,
			);
			sourceTree = "<group>";
		};
		5B7957481A9A1436004014D5 /* Products */ = {
			isa = PBXGroup;
			children = (
				5B7957471A9A1436004014D5 /* Psychologist.app */,
				5B79575C1A9A1436004014D5 /* PsychologistTests.xctest */,
			);
			name = Products;
			sourceTree = "<group>";
		};
		5B7957491A9A1436004014D5 /* Psychologist */ = {
			isa = PBXGroup;
			children = (
				5B7D628B1A9A519B0015DA6C /* UIViewController VCL.swift */,
				5B79574E1A9A1436004014D5 /* PsychologistViewController.swift */,
				5B7D62891A9A2D450015DA6C /* DiagnosedHappinessViewController.swift */,
				5B79576D1A9A1809004014D5 /* HappinessViewController.swift */,
				5B79576E1A9A1809004014D5 /* FaceView.swift */,
				5B7D62871A9A2BEB0015DA6C /* TextViewController.swift */,
				5B7957501A9A1436004014D5 /* Main.storyboard */,
				5B79574A1A9A1436004014D5 /* Supporting Files */,
			);
			path = Psychologist;
			sourceTree = "<group>";
		};
		5B79574A1A9A1436004014D5 /* Supporting Files */ = {
			isa = PBXGroup;
			children = (
				5B7957551A9A1436004014D5 /* LaunchScreen.xib */,
				5B7957531A9A1436004014D5 /* Images.xcassets */,
				5B79574C1A9A1436004014D5 /* AppDelegate.swift */,
				5B79574B1A9A1436004014D5 /* Info.plist */,
			);
			name = "Supporting Files";
			sourceTree = "<group>";
		};
		5B79575F1A9A1436004014D5 /* PsychologistTests */ = {
			isa = PBXGroup;
			children = (
				5B7957621A9A1436004014D5 /* PsychologistTests.swift */,
				5B7957601A9A1436004014D5 /* Supporting Files */,
			);
			path = PsychologistTests;
			sourceTree = "<group>";
		};
		5B7957601A9A1436004014D5 /* Supporting Files */ = {
			isa = PBXGroup;
			children = (
				5B7957611A9A1436004014D5 /* Info.plist */,
			);
			name = "Supporting Files";
			sourceTree = "<group>";
		};
/* End PBXGroup section */

/* Begin PBXNativeTarget section */
		5B7957461A9A1436004014D5 /* Psychologist */ = {
			isa = PBXNativeTarget;
			buildConfigurationList = 5B7957661A9A1436004014D5 /* Build configuration list for PBXNativeTarget "Psychologist" */;
			buildPhases = (
				5B7957431A9A1436004014D5 /* Sources */,
				5B7957441A9A1436004014D5 /* Frameworks */,
				5B7957451A9A1436004014D5 /* Resources */,
			);
			buildRules = (
			);
			dependencies = (
			);
			name = Psychologist;
			productName = Psychologist;
			productReference = 5B7957471A9A1436004014D5 /* Psychologist.app */;
			productType = "com.apple.product-type.application";
		};
		5B79575B1A9A1436004014D5 /* PsychologistTests */ = {
			isa = PBXNativeTarget;
			buildConfigurationList = 5B7957691A9A1436004014D5 /* Build configuration list for PBXNativeTarget "PsychologistTests" */;
			buildPhases = (
				5B7957581A9A1436004014D5 /* Sources */,
				5B7957591A9A1436004014D5 /* Frameworks */,
				5B79575A1A9A1436004014D5 /* Resources */,
			);
			buildRules = (
			);
			dependencies = (
				5B79575E1A9A1436004014D5 /* PBXTargetDependency */,
			);
			name = PsychologistTests;
			productName = PsychologistTests;
			productReference = 5B79575C1A9A1436004014D5 /* PsychologistTests.xctest */;
			productType = "com.apple.product-type.bundle.unit-test";
		};
/* End PBXNativeTarget section */

/* Begin PBXProject section */
		5B79573F1A9A1436004014D5 /* Project object */ = {
			isa = PBXProject;
			attributes = {
				LastUpgradeCheck = 0610;
				ORGANIZATIONNAME = "m2m server software gmbh";
				TargetAttributes = {
					5B7957461A9A1436004014D5 = {
						CreatedOnToolsVersion = 6.1.1;
					};
					5B79575B1A9A1436004014D5 = {
						CreatedOnToolsVersion = 6.1.1;
						TestTargetID = 5B7957461A9A1436004014D5;
					};
				};
			};
			buildConfigurationList = 5B7957421A9A1436004014D5 /* Build configuration list for PBXProject "Psychologist" */;
			compatibilityVersion = "Xcode 3.2";
			developmentRegion = English;
			hasScannedForEncodings = 0;
			knownRegions = (
				en,
				Base,
			);
			mainGroup = 5B79573E1A9A1436004014D5;
			productRefGroup = 5B7957481A9A1436004014D5 /* Products */;
			projectDirPath = "";
			projectRoot = "";
			targets = (
				5B7957461A9A1436004014D5 /* Psychologist */,
				5B79575B1A9A1436004014D5 /* PsychologistTests */,
			);
		};
/* End PBXProject section */

/* Begin PBXResourcesBuildPhase section */
		5B7957451A9A1436004014D5 /* Resources */ = {
			isa = PBXResourcesBuildPhase;
			buildActionMask = 2147483647;
			files = (
				5B7957521A9A1436004014D5 /* Main.storyboard in Resources */,
				5B7957571A9A1436004014D5 /* LaunchScreen.xib in Resources */,
				5B7957541A9A1436004014D5 /* Images.xcassets in Resources */,
			);
			runOnlyForDeploymentPostprocessing = 0;
		};
		5B79575A1A9A1436004014D5 /* Resources */ = {
			isa = PBXResourcesBuildPhase;
			buildActionMask = 2147483647;
			files = (
			);
			runOnlyForDeploymentPostprocessing = 0;
		};
/* End PBXResourcesBuildPhase section */

/* Begin PBXSourcesBuildPhase section */
		5B7957431A9A1436004014D5 /* Sources */ = {
			isa = PBXSourcesBuildPhase;
			buildActionMask = 2147483647;
			files = (
				5B7D62881A9A2BEB0015DA6C /* TextViewController.swift in Sources */,
				5B7D628C1A9A519B0015DA6C /* UIViewController VCL.swift in Sources */,
				5B79574F1A9A1436004014D5 /* PsychologistViewController.swift in Sources */,
				5B79576F1A9A1809004014D5 /* HappinessViewController.swift in Sources */,
				5B7D628A1A9A2D450015DA6C /* DiagnosedHappinessViewController.swift in Sources */,
				5B79574D1A9A1436004014D5 /* AppDelegate.swift in Sources */,
				5B7957701A9A1809004014D5 /* FaceView.swift in Sources */,
			);
			runOnlyForDeploymentPostprocessing = 0;
		};
		5B7957581A9A1436004014D5 /* Sources */ = {
			isa = PBXSourcesBuildPhase;
			buildActionMask = 2147483647;
			files = (
				5B7957631A9A1436004014D5 /* PsychologistTests.swift in Sources */,
			);
			runOnlyForDeploymentPostprocessing = 0;
		};
/* End PBXSourcesBuildPhase section */

/* Begin PBXTargetDependency section */
		5B79575E1A9A1436004014D5 /* PBXTargetDependency */ = {
			isa = PBXTargetDependency;
			target = 5B7957461A9A1436004014D5 /* Psychologist */;
			targetProxy = 5B79575D1A9A1436004014D5 /* PBXContainerItemProxy */;
		};
/* End PBXTargetDependency section */

/* Begin PBXVariantGroup section */
		5B7957501A9A1436004014D5 /* Main.storyboard */ = {
			isa = PBXVariantGroup;
			children = (
				5B7957511A9A1436004014D5 /* Base */,
			);
			name = Main.storyboard;
			sourceTree = "<group>";
		};
		5B7957551A9A1436004014D5 /* LaunchScreen.xib */ = {
			isa = PBXVariantGroup;
			children = (
				5B7957561A9A1436004014D5 /* Base */,
			);
			name = LaunchScreen.xib;
			sourceTree = "<group>";
		};
/* End PBXVariantGroup section */

/* Begin XCBuildConfiguration section */
		5B7957641A9A1436004014D5 /* Debug */ = {
			isa = XCBuildConfiguration;
			buildSettings = {
				ALWAYS_SEARCH_USER_PATHS = NO;
				CLANG_CXX_LANGUAGE_STANDARD = "gnu++0x";
				CLANG_CXX_LIBRARY = "libc++";
				CLANG_ENABLE_MODULES = YES;
				CLANG_ENABLE_OBJC_ARC = YES;
				CLANG_WARN_BOOL_CONVERSION = YES;
				CLANG_WARN_CONSTANT_CONVERSION = YES;
				CLANG_WARN_DIRECT_OBJC_ISA_USAGE = YES_ERROR;
				CLANG_WARN_EMPTY_BODY = YES;
				CLANG_WARN_ENUM_CONVERSION = YES;
				CLANG_WARN_INT_CONVERSION = YES;
				CLANG_WARN_OBJC_ROOT_CLASS = YES_ERROR;
				CLANG_WARN_UNREACHABLE_CODE = YES;
				CLANG_WARN__DUPLICATE_METHOD_MATCH = YES;
				"CODE_SIGN_IDENTITY[sdk=iphoneos*]" = "iPhone Developer";
				COPY_PHASE_STRIP = NO;
				ENABLE_STRICT_OBJC_MSGSEND = YES;
				GCC_C_LANGUAGE_STANDARD = gnu99;
				GCC_DYNAMIC_NO_PIC = NO;
				GCC_OPTIMIZATION_LEVEL = 0;
				GCC_PREPROCESSOR_DEFINITIONS = (
					"DEBUG=1",
					"$(inherited)",
				);
				GCC_SYMBOLS_PRIVATE_EXTERN = NO;
				GCC_WARN_64_TO_32_BIT_CONVERSION = YES;
				GCC_WARN_ABOUT_RETURN_TYPE = YES_ERROR;
				GCC_WARN_UNDECLARED_SELECTOR = YES;
				GCC_WARN_UNINITIALIZED_AUTOS = YES_AGGRESSIVE;
				GCC_WARN_UNUSED_FUNCTION = YES;
				GCC_WARN_UNUSED_VARIABLE = YES;
				IPHONEOS_DEPLOYMENT_TARGET = 8.1;
				MTL_ENABLE_DEBUG_INFO = YES;
				ONLY_ACTIVE_ARCH = YES;
				SDKROOT = iphoneos;
				SWIFT_OPTIMIZATION_LEVEL = "-Onone";
				TARGETED_DEVICE_FAMILY = "1,2";
			};
			name = Debug;
		};
		5B7957651A9A1436004014D5 /* Release */ = {
			isa = XCBuildConfiguration;
			buildSettings = {
				ALWAYS_SEARCH_USER_PATHS = NO;
				CLANG_CXX_LANGUAGE_STANDARD = "gnu++0x";
				CLANG_CXX_LIBRARY = "libc++";
				CLANG_ENABLE_MODULES = YES;
				CLANG_ENABLE_OBJC_ARC = YES;
				CLANG_WARN_BOOL_CONVERSION = YES;
				CLANG_WARN_CONSTANT_CONVERSION = YES;
				CLANG_WARN_DIRECT_OBJC_ISA_USAGE = YES_ERROR;
				CLANG_WARN_EMPTY_BODY = YES;
				CLANG_WARN_ENUM_CONVERSION = YES;
				CLANG_WARN_INT_CONVERSION = YES;
				CLANG_WARN_OBJC_ROOT_CLASS = YES_ERROR;
				CLANG_WARN_UNREACHABLE_CODE = YES;
				CLANG_WARN__DUPLICATE_METHOD_MATCH = YES;
				"CODE_SIGN_IDENTITY[sdk=iphoneos*]" = "iPhone Developer";
				COPY_PHASE_STRIP = YES;
				ENABLE_NS_ASSERTIONS = NO;
				ENABLE_STRICT_OBJC_MSGSEND = YES;
				GCC_C_LANGUAGE_STANDARD = gnu99;
				GCC_WARN_64_TO_32_BIT_CONVERSION = YES;
				GCC_WARN_ABOUT_RETURN_TYPE = YES_ERROR;
				GCC_WARN_UNDECLARED_SELECTOR = YES;
				GCC_WARN_UNINITIALIZED_AUTOS = YES_AGGRESSIVE;
				GCC_WARN_UNUSED_FUNCTION = YES;
				GCC_WARN_UNUSED_VARIABLE = YES;
				IPHONEOS_DEPLOYMENT_TARGET = 8.1;
				MTL_ENABLE_DEBUG_INFO = NO;
				SDKROOT = iphoneos;
				TARGETED_DEVICE_FAMILY = "1,2";
				VALIDATE_PRODUCT = YES;
			};
			name = Release;
		};
		5B7957671A9A1436004014D5 /* Debug */ = {
			isa = XCBuildConfiguration;
			buildSettings = {
				ASSETCATALOG_COMPILER_APPICON_NAME = AppIcon;
				INFOPLIST_FILE = Psychologist/Info.plist;
				LD_RUNPATH_SEARCH_PATHS = "$(inherited) @executable_path/Frameworks";
				PRODUCT_NAME = "$(TARGET_NAME)";
			};
			name = Debug;
		};
		5B7957681A9A1436004014D5 /* Release */ = {
			isa = XCBuildConfiguration;
			buildSettings = {
				ASSETCATALOG_COMPILER_APPICON_NAME = AppIcon;
				INFOPLIST_FILE = Psychologist/Info.plist;
				LD_RUNPATH_SEARCH_PATHS = "$(inherited) @executable_path/Frameworks";
				PRODUCT_NAME = "$(TARGET_NAME)";
			};
			name = Release;
		};
		5B79576A1A9A1436004014D5 /* Debug */ = {
			isa = XCBuildConfiguration;
			buildSettings = {
				BUNDLE_LOADER = "$(TEST_HOST)";
				FRAMEWORK_SEARCH_PATHS = (
					"$(SDKROOT)/Developer/Library/Frameworks",
					"$(inherited)",
				);
				GCC_PREPROCESSOR_DEFINITIONS = (
					"DEBUG=1",
					"$(inherited)",
				);
				INFOPLIST_FILE = PsychologistTests/Info.plist;
				LD_RUNPATH_SEARCH_PATHS = "$(inherited) @executable_path/Frameworks @loader_path/Frameworks";
				PRODUCT_NAME = "$(TARGET_NAME)";
				TEST_HOST = "$(BUILT_PRODUCTS_DIR)/Psychologist.app/Psychologist";
			};
			name = Debug;
		};
		5B79576B1A9A1436004014D5 /* Release */ = {
			isa = XCBuildConfiguration;
			buildSettings = {
				BUNDLE_LOADER = "$(TEST_HOST)";
				FRAMEWORK_SEARCH_PATHS = (
					"$(SDKROOT)/Developer/Library/Frameworks",
					"$(inherited)",
				);
				INFOPLIST_FILE = PsychologistTests/Info.plist;
				LD_RUNPATH_SEARCH_PATHS = "$(inherited) @executable_path/Frameworks @loader_path/Frameworks";
				PRODUCT_NAME = "$(TARGET_NAME)";
				TEST_HOST = "$(BUILT_PRODUCTS_DIR)/Psychologist.app/Psychologist";
			};
			name = Release;
		};
/* End XCBuildConfiguration section */

/* Begin XCConfigurationList section */
		5B7957421A9A1436004014D5 /* Build configuration list for PBXProject "Psychologist" */ = {
			isa = XCConfigurationList;
			buildConfigurations = (
				5B7957641A9A1436004014D5 /* Debug */,
				5B7957651A9A1436004014D5 /* Release */,
			);
			defaultConfigurationIsVisible = 0;
			defaultConfigurationName = Release;
		};
		5B7957661A9A1436004014D5 /* Build configuration list for PBXNativeTarget "Psychologist" */ = {
			isa = XCConfigurationList;
			buildConfigurations = (
				5B7957671A9A1436004014D5 /* Debug */,
				5B7957681A9A1436004014D5 /* Release */,
			);
			defaultConfigurationIsVisible = 0;
			defaultConfigurationName = Release;
		};
		5B7957691A9A1436004014D5 /* Build configuration list for PBXNativeTarget "PsychologistTests" */ = {
			isa = XCConfigurationList;
			buildConfigurations = (
				5B79576A1A9A1436004014D5 /* Debug */,
				5B79576B1A9A1436004014D5 /* Release */,
			);
			defaultConfigurationIsVisible = 0;
			defaultConfigurationName = Release;
		};
/* End XCConfigurationList section */
	};
	rootObject = 5B79573F1A9A1436004014D5 /* Project object */;
}
